
Microsoft Visual Studio Solution File, Format Version 12.00
# Visual Studio Version 17
VisualStudioVersion = 17.2.32630.192
MinimumVisualStudioVersion = 10.0.40219.1
Project("{FAE04EC0-301F-11D3-BF4B-00C04F79EFBC}") = "DriverApiApplication", "DriverApiApplication\DriverApiApplication.csproj", "{7B5167E9-1843-4CDC-A321-200A0B7C5823}"
EndProject
Project("{FAE04EC0-301F-11D3-BF4B-00C04F79EFBC}") = "DriverApiApplication.Test", "DriverApiApplication.Test\DriverApiApplication.Test.csproj", "{419FBB6B-C4AF-4E99-8B18-83E648F254E1}"
EndProject
Global
	GlobalSection(SolutionConfigurationPlatforms) = preSolution
		Debug|Any CPU = Debug|Any CPU
		Release|Any CPU = Release|Any CPU
	EndGlobalSection
	GlobalSection(ProjectConfigurationPlatforms) = postSolution
		{7B5167E9-1843-4CDC-A321-200A0B7C5823}.Debug|Any CPU.ActiveCfg = Debug|Any CPU
		{7B5167E9-1843-4CDC-A321-200A0B7C5823}.Debug|Any CPU.Build.0 = Debug|Any CPU
		{7B5167E9-1843-4CDC-A321-200A0B7C5823}.Release|Any CPU.ActiveCfg = Release|Any CPU
		{7B5167E9-1843-4CDC-A321-200A0B7C5823}.Release|Any CPU.Build.0 = Release|Any CPU
		{419FBB6B-C4AF-4E99-8B18-83E648F254E1}.Debug|Any CPU.ActiveCfg = Debug|Any CPU
		{419FBB6B-C4AF-4E99-8B18-83E648F254E1}.Debug|Any CPU.Build.0 = Debug|Any CPU
		{419FBB6B-C4AF-4E99-8B18-83E648F254E1}.Release|Any CPU.ActiveCfg = Release|Any CPU
		{419FBB6B-C4AF-4E99-8B18-83E648F254E1}.Release|Any CPU.Build.0 = Release|Any CPU
	EndGlobalSection
	GlobalSection(SolutionProperties) = preSolution
		HideSolutionNode = FALSE
	EndGlobalSection
	GlobalSection(ExtensibilityGlobals) = postSolution
		SolutionGuid = {A8441EBC-489F-4225-B515-F6BDA9BA1F71}
	EndGlobalSection
EndGlobal
